Microsoft Visual Studio Solution File, Format Version 12.00
# Visual Studio Version 17
VisualStudioVersion = 17.5.2.0
MinimumVisualStudioVersion = 10.0.40219.1
Project("{FAE04EC0-301F-11D3-BF4B-00C04F79EFBC}") = "Bottle Song", "Bottle Song.csproj", "{41C85953-D6A5-9568-5908-212F68D0B2AB}"
EndProject
Global
	GlobalSection(SolutionConfigurationPlatforms) = preSolution
		Debug|Any CPU = Debug|Any CPU
		Release|Any CPU = Release|Any CPU
	EndGlobalSection
	GlobalSection(ProjectConfigurationPlatforms) = postSolution
		{41C85953-D6A5-9568-5908-212F68D0B2AB}.Debug|Any CPU.ActiveCfg = Debug|Any CPU
		{41C85953-D6A5-9568-5908-212F68D0B2AB}.Debug|Any CPU.Build.0 = Debug|Any CPU
		{41C85953-D6A5-9568-5908-212F68D0B2AB}.Release|Any CPU.ActiveCfg = Release|Any CPU
		{41C85953-D6A5-9568-5908-212F68D0B2AB}.Release|Any CPU.Build.0 = Release|Any CPU
	EndGlobalSection
	GlobalSection(SolutionProperties) = preSolution
		HideSolutionNode = FALSE
	EndGlobalSection
	GlobalSection(ExtensibilityGlobals) = postSolution
		SolutionGuid = {48580133-309F-4CE5-84B9-A011A4B90486}
	EndGlobalSection
EndGlobal
