Microsoft Visual Studio Solution File, Format Version 12.00
# Visual Studio Version 17
VisualStudioVersion = 17.5.2.0
MinimumVisualStudioVersion = 10.0.40219.1
Project("{FAE04EC0-301F-11D3-BF4B-00C04F79EFBC}") = "DND Character", "DND Character.csproj", "{8BC7FD6B-C0B3-51C4-587C-1F4387D48D53}"
EndProject
Global
	GlobalSection(SolutionConfigurationPlatforms) = preSolution
		Debug|Any CPU = Debug|Any CPU
		Release|Any CPU = Release|Any CPU
	EndGlobalSection
	GlobalSection(ProjectConfigurationPlatforms) = postSolution
		{8BC7FD6B-C0B3-51C4-587C-1F4387D48D53}.Debug|Any CPU.ActiveCfg = Debug|Any CPU
		{8BC7FD6B-C0B3-51C4-587C-1F4387D48D53}.Debug|Any CPU.Build.0 = Debug|Any CPU
		{8BC7FD6B-C0B3-51C4-587C-1F4387D48D53}.Release|Any CPU.ActiveCfg = Release|Any CPU
		{8BC7FD6B-C0B3-51C4-587C-1F4387D48D53}.Release|Any CPU.Build.0 = Release|Any CPU
	EndGlobalSection
	GlobalSection(SolutionProperties) = preSolution
		HideSolutionNode = FALSE
	EndGlobalSection
	GlobalSection(ExtensibilityGlobals) = postSolution
		SolutionGuid = {0B03C0B2-1D7B-487E-BBB4-86E61F6A4E16}
	EndGlobalSection
EndGlobal
