Microsoft Visual Studio Solution File, Format Version 12.00
# Visual Studio Version 17
VisualStudioVersion = 17.5.2.0
MinimumVisualStudioVersion = 10.0.40219.1
Project("{FAE04EC0-301F-11D3-BF4B-00C04F79EFBC}") = "Land Grab in Space Struct", "Land Grab in Space Struct.csproj", "{4CC414D8-E596-48A9-E76D-AD06540470A7}"
EndProject
Global
	GlobalSection(SolutionConfigurationPlatforms) = preSolution
		Debug|Any CPU = Debug|Any CPU
		Release|Any CPU = Release|Any CPU
	EndGlobalSection
	GlobalSection(ProjectConfigurationPlatforms) = postSolution
		{4CC414D8-E596-48A9-E76D-AD06540470A7}.Debug|Any CPU.ActiveCfg = Debug|Any CPU
		{4CC414D8-E596-48A9-E76D-AD06540470A7}.Debug|Any CPU.Build.0 = Debug|Any CPU
		{4CC414D8-E596-48A9-E76D-AD06540470A7}.Release|Any CPU.ActiveCfg = Release|Any CPU
		{4CC414D8-E596-48A9-E76D-AD06540470A7}.Release|Any CPU.Build.0 = Release|Any CPU
	EndGlobalSection
	GlobalSection(SolutionProperties) = preSolution
		HideSolutionNode = FALSE
	EndGlobalSection
	GlobalSection(ExtensibilityGlobals) = postSolution
		SolutionGuid = {D146206F-3258-4D41-8058-AEB225E1AEEF}
	EndGlobalSection
EndGlobal
