Microsoft Visual Studio Solution File, Format Version 12.00
# Visual Studio Version 17
VisualStudioVersion = 17.5.2.0
MinimumVisualStudioVersion = 10.0.40219.1
Project("{FAE04EC0-301F-11D3-BF4B-00C04F79EFBC}") = "Wizards and Warriors", "Wizards and Warriors.csproj", "{62178C68-1872-6095-B09D-F001CC3BFF21}"
EndProject
Global
	GlobalSection(SolutionConfigurationPlatforms) = preSolution
		Debug|Any CPU = Debug|Any CPU
		Release|Any CPU = Release|Any CPU
	EndGlobalSection
	GlobalSection(ProjectConfigurationPlatforms) = postSolution
		{62178C68-1872-6095-B09D-F001CC3BFF21}.Debug|Any CPU.ActiveCfg = Debug|Any CPU
		{62178C68-1872-6095-B09D-F001CC3BFF21}.Debug|Any CPU.Build.0 = Debug|Any CPU
		{62178C68-1872-6095-B09D-F001CC3BFF21}.Release|Any CPU.ActiveCfg = Release|Any CPU
		{62178C68-1872-6095-B09D-F001CC3BFF21}.Release|Any CPU.Build.0 = Release|Any CPU
	EndGlobalSection
	GlobalSection(SolutionProperties) = preSolution
		HideSolutionNode = FALSE
	EndGlobalSection
	GlobalSection(ExtensibilityGlobals) = postSolution
		SolutionGuid = {9A4F71B7-D851-4D5F-AF7A-18B699E0C873}
	EndGlobalSection
EndGlobal
