Microsoft Visual Studio Solution File, Format Version 12.00
# Visual Studio Version 17
VisualStudioVersion = 17.5.2.0
MinimumVisualStudioVersion = 10.0.40219.1
Project("{FAE04EC0-301F-11D3-BF4B-00C04F79EFBC}") = "Calculator Conundrum", "Calculator Conundrum.csproj", "{B565B803-FE52-F427-02AF-652E51AF0F11}"
EndProject
Global
	GlobalSection(SolutionConfigurationPlatforms) = preSolution
		Debug|Any CPU = Debug|Any CPU
		Release|Any CPU = Release|Any CPU
	EndGlobalSection
	GlobalSection(ProjectConfigurationPlatforms) = postSolution
		{B565B803-FE52-F427-02AF-652E51AF0F11}.Debug|Any CPU.ActiveCfg = Debug|Any CPU
		{B565B803-FE52-F427-02AF-652E51AF0F11}.Debug|Any CPU.Build.0 = Debug|Any CPU
		{B565B803-FE52-F427-02AF-652E51AF0F11}.Release|Any CPU.ActiveCfg = Release|Any CPU
		{B565B803-FE52-F427-02AF-652E51AF0F11}.Release|Any CPU.Build.0 = Release|Any CPU
	EndGlobalSection
	GlobalSection(SolutionProperties) = preSolution
		HideSolutionNode = FALSE
	EndGlobalSection
	GlobalSection(ExtensibilityGlobals) = postSolution
		SolutionGuid = {FC9C77BC-76EF-45F8-BA68-8AF5F9FF5960}
	EndGlobalSection
EndGlobal
