Microsoft Visual Studio Solution File, Format Version 12.00
# Visual Studio Version 17
VisualStudioVersion = 17.5.2.0
MinimumVisualStudioVersion = 10.0.40219.1
Project("{FAE04EC0-301F-11D3-BF4B-00C04F79EFBC}") = "Authentication System", "Authentication System.csproj", "{13D67CEA-A829-1211-AA86-ECD82D81C5D8}"
EndProject
Global
	GlobalSection(SolutionConfigurationPlatforms) = preSolution
		Debug|Any CPU = Debug|Any CPU
		Release|Any CPU = Release|Any CPU
	EndGlobalSection
	GlobalSection(ProjectConfigurationPlatforms) = postSolution
		{13D67CEA-A829-1211-AA86-ECD82D81C5D8}.Debug|Any CPU.ActiveCfg = Debug|Any CPU
		{13D67CEA-A829-1211-AA86-ECD82D81C5D8}.Debug|Any CPU.Build.0 = Debug|Any CPU
		{13D67CEA-A829-1211-AA86-ECD82D81C5D8}.Release|Any CPU.ActiveCfg = Release|Any CPU
		{13D67CEA-A829-1211-AA86-ECD82D81C5D8}.Release|Any CPU.Build.0 = Release|Any CPU
	EndGlobalSection
	GlobalSection(SolutionProperties) = preSolution
		HideSolutionNode = FALSE
	EndGlobalSection
	GlobalSection(ExtensibilityGlobals) = postSolution
		SolutionGuid = {A2CA6C78-B54E-44CE-9B71-47E83D36CD9C}
	EndGlobalSection
EndGlobal
