Microsoft Visual Studio Solution File, Format Version 12.00
# Visual Studio Version 17
VisualStudioVersion = 17.5.2.0
MinimumVisualStudioVersion = 10.0.40219.1
Project("{FAE04EC0-301F-11D3-BF4B-00C04F79EFBC}") = "RomanNumeralExtension", "RomanNumeralExtension.csproj", "{BC286686-253A-F795-1518-9F8371B1936A}"
EndProject
Global
	GlobalSection(SolutionConfigurationPlatforms) = preSolution
		Debug|Any CPU = Debug|Any CPU
		Release|Any CPU = Release|Any CPU
	EndGlobalSection
	GlobalSection(ProjectConfigurationPlatforms) = postSolution
		{BC286686-253A-F795-1518-9F8371B1936A}.Debug|Any CPU.ActiveCfg = Debug|Any CPU
		{BC286686-253A-F795-1518-9F8371B1936A}.Debug|Any CPU.Build.0 = Debug|Any CPU
		{BC286686-253A-F795-1518-9F8371B1936A}.Release|Any CPU.ActiveCfg = Release|Any CPU
		{BC286686-253A-F795-1518-9F8371B1936A}.Release|Any CPU.Build.0 = Release|Any CPU
	EndGlobalSection
	GlobalSection(SolutionProperties) = preSolution
		HideSolutionNode = FALSE
	EndGlobalSection
	GlobalSection(ExtensibilityGlobals) = postSolution
		SolutionGuid = {B704363E-0622-4AE0-82A6-41043BBAB8A3}
	EndGlobalSection
EndGlobal
