Microsoft Visual Studio Solution File, Format Version 12.00
# Visual Studio Version 17
VisualStudioVersion = 17.5.2.0
MinimumVisualStudioVersion = 10.0.40219.1
Project("{FAE04EC0-301F-11D3-BF4B-00C04F79EFBC}") = "Kindergarten Garden", "Kindergarten Garden.csproj", "{A36F2BF2-6BF6-F602-DD02-60CE858F261F}"
EndProject
Global
	GlobalSection(SolutionConfigurationPlatforms) = preSolution
		Debug|Any CPU = Debug|Any CPU
		Release|Any CPU = Release|Any CPU
	EndGlobalSection
	GlobalSection(ProjectConfigurationPlatforms) = postSolution
		{A36F2BF2-6BF6-F602-DD02-60CE858F261F}.Debug|Any CPU.ActiveCfg = Debug|Any CPU
		{A36F2BF2-6BF6-F602-DD02-60CE858F261F}.Debug|Any CPU.Build.0 = Debug|Any CPU
		{A36F2BF2-6BF6-F602-DD02-60CE858F261F}.Release|Any CPU.ActiveCfg = Release|Any CPU
		{A36F2BF2-6BF6-F602-DD02-60CE858F261F}.Release|Any CPU.Build.0 = Release|Any CPU
	EndGlobalSection
	GlobalSection(SolutionProperties) = preSolution
		HideSolutionNode = FALSE
	EndGlobalSection
	GlobalSection(ExtensibilityGlobals) = postSolution
		SolutionGuid = {C4770F33-1F8F-4A55-9F05-27C528EF35F6}
	EndGlobalSection
EndGlobal
