Microsoft Visual Studio Solution File, Format Version 12.00
# Visual Studio Version 17
VisualStudioVersion = 17.5.2.0
MinimumVisualStudioVersion = 10.0.40219.1
Project("{FAE04EC0-301F-11D3-BF4B-00C04F79EFBC}") = "Food Chain", "Food Chain.csproj", "{C07F57F3-90F3-23E0-3197-0524F3E0DFE7}"
EndProject
Global
	GlobalSection(SolutionConfigurationPlatforms) = preSolution
		Debug|Any CPU = Debug|Any CPU
		Release|Any CPU = Release|Any CPU
	EndGlobalSection
	GlobalSection(ProjectConfigurationPlatforms) = postSolution
		{C07F57F3-90F3-23E0-3197-0524F3E0DFE7}.Debug|Any CPU.ActiveCfg = Debug|Any CPU
		{C07F57F3-90F3-23E0-3197-0524F3E0DFE7}.Debug|Any CPU.Build.0 = Debug|Any CPU
		{C07F57F3-90F3-23E0-3197-0524F3E0DFE7}.Release|Any CPU.ActiveCfg = Release|Any CPU
		{C07F57F3-90F3-23E0-3197-0524F3E0DFE7}.Release|Any CPU.Build.0 = Release|Any CPU
	EndGlobalSection
	GlobalSection(SolutionProperties) = preSolution
		HideSolutionNode = FALSE
	EndGlobalSection
	GlobalSection(ExtensibilityGlobals) = postSolution
		SolutionGuid = {12E92684-EF57-49AF-89DC-21F1CF437038}
	EndGlobalSection
EndGlobal
