Microsoft Visual Studio Solution File, Format Version 12.00
# Visual Studio Version 17
VisualStudioVersion = 17.5.2.0
MinimumVisualStudioVersion = 10.0.40219.1
Project("{FAE04EC0-301F-11D3-BF4B-00C04F79EFBC}") = "Prime Factors", "Prime Factors.csproj", "{6A917218-7830-B32D-A1C5-E087AD5838D3}"
EndProject
Global
	GlobalSection(SolutionConfigurationPlatforms) = preSolution
		Debug|Any CPU = Debug|Any CPU
		Release|Any CPU = Release|Any CPU
	EndGlobalSection
	GlobalSection(ProjectConfigurationPlatforms) = postSolution
		{6A917218-7830-B32D-A1C5-E087AD5838D3}.Debug|Any CPU.ActiveCfg = Debug|Any CPU
		{6A917218-7830-B32D-A1C5-E087AD5838D3}.Debug|Any CPU.Build.0 = Debug|Any CPU
		{6A917218-7830-B32D-A1C5-E087AD5838D3}.Release|Any CPU.ActiveCfg = Release|Any CPU
		{6A917218-7830-B32D-A1C5-E087AD5838D3}.Release|Any CPU.Build.0 = Release|Any CPU
	EndGlobalSection
	GlobalSection(SolutionProperties) = preSolution
		HideSolutionNode = FALSE
	EndGlobalSection
	GlobalSection(ExtensibilityGlobals) = postSolution
		SolutionGuid = {D008C65F-8D6E-484A-BEE6-5FA30DD3AA24}
	EndGlobalSection
EndGlobal
