Microsoft Visual Studio Solution File, Format Version 12.00
# Visual Studio Version 17
VisualStudioVersion = 17.5.2.0
MinimumVisualStudioVersion = 10.0.40219.1
Project("{FAE04EC0-301F-11D3-BF4B-00C04F79EFBC}") = "Developer Privileges", "Developer Privileges.csproj", "{755B859F-DF56-CF75-E10F-CEB8A4349B5D}"
EndProject
Global
	GlobalSection(SolutionConfigurationPlatforms) = preSolution
		Debug|Any CPU = Debug|Any CPU
		Release|Any CPU = Release|Any CPU
	EndGlobalSection
	GlobalSection(ProjectConfigurationPlatforms) = postSolution
		{755B859F-DF56-CF75-E10F-CEB8A4349B5D}.Debug|Any CPU.ActiveCfg = Debug|Any CPU
		{755B859F-DF56-CF75-E10F-CEB8A4349B5D}.Debug|Any CPU.Build.0 = Debug|Any CPU
		{755B859F-DF56-CF75-E10F-CEB8A4349B5D}.Release|Any CPU.ActiveCfg = Release|Any CPU
		{755B859F-DF56-CF75-E10F-CEB8A4349B5D}.Release|Any CPU.Build.0 = Release|Any CPU
	EndGlobalSection
	GlobalSection(SolutionProperties) = preSolution
		HideSolutionNode = FALSE
	EndGlobalSection
	GlobalSection(ExtensibilityGlobals) = postSolution
		SolutionGuid = {C25064C5-CBDB-4780-8534-9D41E28C9FD3}
	EndGlobalSection
EndGlobal
