Microsoft Visual Studio Solution File, Format Version 12.00
# Visual Studio Version 17
VisualStudioVersion = 17.5.2.0
MinimumVisualStudioVersion = 10.0.40219.1
Project("{FAE04EC0-301F-11D3-BF4B-00C04F79EFBC}") = "Robot Simulator", "Robot Simulator.csproj", "{7982C83D-7CCF-6605-6C74-27C3C505EF60}"
EndProject
Global
	GlobalSection(SolutionConfigurationPlatforms) = preSolution
		Debug|Any CPU = Debug|Any CPU
		Release|Any CPU = Release|Any CPU
	EndGlobalSection
	GlobalSection(ProjectConfigurationPlatforms) = postSolution
		{7982C83D-7CCF-6605-6C74-27C3C505EF60}.Debug|Any CPU.ActiveCfg = Debug|Any CPU
		{7982C83D-7CCF-6605-6C74-27C3C505EF60}.Debug|Any CPU.Build.0 = Debug|Any CPU
		{7982C83D-7CCF-6605-6C74-27C3C505EF60}.Release|Any CPU.ActiveCfg = Release|Any CPU
		{7982C83D-7CCF-6605-6C74-27C3C505EF60}.Release|Any CPU.Build.0 = Release|Any CPU
	EndGlobalSection
	GlobalSection(SolutionProperties) = preSolution
		HideSolutionNode = FALSE
	EndGlobalSection
	GlobalSection(ExtensibilityGlobals) = postSolution
		SolutionGuid = {EEDDAFBF-C3E5-4D73-8072-11C2301789C2}
	EndGlobalSection
EndGlobal
